
Microsoft Visual Studio Solution File, Format Version 12.00
# Visual Studio Version 17
VisualStudioVersion = 17.5.33414.496
MinimumVisualStudioVersion = 10.0.40219.1
Project("{FAE04EC0-301F-11D3-BF4B-00C04F79EFBC}") = "Server", "Server\Server.csproj", "{4E258A54-0C04-4F28-AA57-07A55A72A20B}"
EndProject
Global
	GlobalSection(SolutionConfigurationPlatforms) = preSolution
		Debug|Any CPU = Debug|Any CPU
		Release|Any CPU = Release|Any CPU
	EndGlobalSection
	GlobalSection(ProjectConfigurationPlatforms) = postSolution
		{4E258A54-0C04-4F28-AA57-07A55A72A20B}.Debug|Any CPU.ActiveCfg = Debug|Any CPU
		{4E258A54-0C04-4F28-AA57-07A55A72A20B}.Debug|Any CPU.Build.0 = Debug|Any CPU
		{4E258A54-0C04-4F28-AA57-07A55A72A20B}.Release|Any CPU.ActiveCfg = Release|Any CPU
		{4E258A54-0C04-4F28-AA57-07A55A72A20B}.Release|Any CPU.Build.0 = Release|Any CPU
	EndGlobalSection
	GlobalSection(SolutionProperties) = preSolution
		HideSolutionNode = FALSE
	EndGlobalSection
	GlobalSection(ExtensibilityGlobals) = postSolution
		SolutionGuid = {D1B42E4F-1B02-4DED-8593-F1EF9E6467BC}
	EndGlobalSection
EndGlobal
